// !$*UTF8*$!
{
	archiveVersion = 1;
	classes = {
	};
	objectVersion = 55;
	objects = {

/* Begin PBXBuildFile section */
		3EBC52C328ED997C0055F0D7 /* AppDelegate.swift in Sources */ = {isa = PBXBuildFile; fileRef = 3EBC52C228ED997C0055F0D7 /* AppDelegate.swift */; };
		3EBC52C528ED997C0055F0D7 /* SceneDelegate.swift in Sources */ = {isa = PBXBuildFile; fileRef = 3EBC52C428ED997C0055F0D7 /* SceneDelegate.swift */; };
		3EBC52C728ED997C0055F0D7 /* ViewController.swift in Sources */ = {isa = PBXBuildFile; fileRef = 3EBC52C628ED997C0055F0D7 /* ViewController.swift */; };
		3EBC52CA28ED997C0055F0D7 /* Main.storyboard in Resources */ = {isa = PBXBuildFile; fileRef = 3EBC52C828ED997C0055F0D7 /* Main.storyboard */; };
		3EBC52CC28ED997D0055F0D7 /* Assets.xcassets in Resources */ = {isa = PBXBuildFile; fileRef = 3EBC52CB28ED997D0055F0D7 /* Assets.xcassets */; };
		3EBC52CF28ED997D0055F0D7 /* LaunchScreen.storyboard in Resources */ = {isa = PBXBuildFile; fileRef = 3EBC52CD28ED997D0055F0D7 /* LaunchScreen.storyboard */; };
		3EBC52D828EDAE6E0055F0D7 /* StringExtensions.swift in Sources */ = {isa = PBXBuildFile; fileRef = 3EBC52D728EDAE6E0055F0D7 /* StringExtensions.swift */; };
		3EBC52DD28EE86EE0055F0D7 /* UDManager.swift in Sources */ = {isa = PBXBuildFile; fileRef = 3EBC52DC28EE86EE0055F0D7 /* UDManager.swift */; };
		3EBC52DF28EE876A0055F0D7 /* Constants.swift in Sources */ = {isa = PBXBuildFile; fileRef = 3EBC52DE28EE876A0055F0D7 /* Constants.swift */; };
		3EBC52E428EE8C400055F0D7 /* Localizable.strings in Resources */ = {isa = PBXBuildFile; fileRef = 3EBC52E628EE8C400055F0D7 /* Localizable.strings */; };
		3EBC52EA28EE95B10055F0D7 /* BundleExtensions.swift in Sources */ = {isa = PBXBuildFile; fileRef = 3EBC52E928EE95B10055F0D7 /* BundleExtensions.swift */; };
		3EBC52EE28EEEB840055F0D7 /* Response.swift in Sources */ = {isa = PBXBuildFile; fileRef = 3EBC52ED28EEEB840055F0D7 /* Response.swift */; };
		3EBC530A28F0380C0055F0D7 /* ViewDailyWeatherList.swift in Sources */ = {isa = PBXBuildFile; fileRef = 3EBC530928F0380C0055F0D7 /* ViewDailyWeatherList.swift */; };
		3EBC530C28F0382C0055F0D7 /* RouterDailyWeatherList.swift in Sources */ = {isa = PBXBuildFile; fileRef = 3EBC530B28F0382C0055F0D7 /* RouterDailyWeatherList.swift */; };
		3EBC530E28F0385E0055F0D7 /* InteractorDailyWeatherList.swift in Sources */ = {isa = PBXBuildFile; fileRef = 3EBC530D28F0385E0055F0D7 /* InteractorDailyWeatherList.swift */; };
		3EBC531028F0386D0055F0D7 /* PresentorDailyWeatherList.swift in Sources */ = {isa = PBXBuildFile; fileRef = 3EBC530F28F0386D0055F0D7 /* PresentorDailyWeatherList.swift */; };
		3EBC531228F0387B0055F0D7 /* EntityDailyWeatherList.swift in Sources */ = {isa = PBXBuildFile; fileRef = 3EBC531128F0387B0055F0D7 /* EntityDailyWeatherList.swift */; };
		3EBC531628F113DB0055F0D7 /* WweatherCell.swift in Sources */ = {isa = PBXBuildFile; fileRef = 3EBC531528F113DB0055F0D7 /* WweatherCell.swift */; };
		3EBC531928F1B5100055F0D7 /* ViewDetailedWeatherInfo.swift in Sources */ = {isa = PBXBuildFile; fileRef = 3EBC531828F1B5100055F0D7 /* ViewDetailedWeatherInfo.swift */; };
		3EBC531B28F1B5260055F0D7 /* InteractorDetailedWeatherInfo.swift in Sources */ = {isa = PBXBuildFile; fileRef = 3EBC531A28F1B5260055F0D7 /* InteractorDetailedWeatherInfo.swift */; };
		3EBC531D28F1B53B0055F0D7 /* PresenterDetailedWeatherInfo.swift in Sources */ = {isa = PBXBuildFile; fileRef = 3EBC531C28F1B53B0055F0D7 /* PresenterDetailedWeatherInfo.swift */; };
		3EBC531F28F1B55A0055F0D7 /* EntitiyDetailedWeatherInfo.swift in Sources */ = {isa = PBXBuildFile; fileRef = 3EBC531E28F1B55A0055F0D7 /* EntitiyDetailedWeatherInfo.swift */; };
		3EBC532128F1B5680055F0D7 /* RouterDetailedWeatherInfo.swift in Sources */ = {isa = PBXBuildFile; fileRef = 3EBC532028F1B5680055F0D7 /* RouterDetailedWeatherInfo.swift */; };
		9BA09B5ABA225760CCD99988 /* Pods_Weather.framework in Frameworks */ = {isa = PBXBuildFile; fileRef = 6C863564DDEE460DA88DBF10 /* Pods_Weather.framework */; };
/* End PBXBuildFile section */

/* Begin PBXFileReference section */
		3EBC52BF28ED997C0055F0D7 /* Weather.app */ = {isa = PBXFileReference; explicitFileType = wrapper.application; includeInIndex = 0; path = Weather.app; sourceTree = BUILT_PRODUCTS_DIR; };
		3EBC52C228ED997C0055F0D7 /* AppDelegate.swift */ = {isa = PBXFileReference; lastKnownFileType = sourcecode.swift; path = AppDelegate.swift; sourceTree = "<group>"; };
		3EBC52C428ED997C0055F0D7 /* SceneDelegate.swift */ = {isa = PBXFileReference; lastKnownFileType = sourcecode.swift; path = SceneDelegate.swift; sourceTree = "<group>"; };
		3EBC52C628ED997C0055F0D7 /* ViewController.swift */ = {isa = PBXFileReference; lastKnownFileType = sourcecode.swift; path = ViewController.swift; sourceTree = "<group>"; };
		3EBC52C928ED997C0055F0D7 /* Base */ = {isa = PBXFileReference; lastKnownFileType = file.storyboard; name = Base; path = Base.lproj/Main.storyboard; sourceTree = "<group>"; };
		3EBC52CB28ED997D0055F0D7 /* Assets.xcassets */ = {isa = PBXFileReference; lastKnownFileType = folder.assetcatalog; path = Assets.xcassets; sourceTree = "<group>"; };
		3EBC52CE28ED997D0055F0D7 /* Base */ = {isa = PBXFileReference; lastKnownFileType = file.storyboard; name = Base; path = Base.lproj/LaunchScreen.storyboard; sourceTree = "<group>"; };
		3EBC52D028ED997D0055F0D7 /* Info.plist */ = {isa = PBXFileReference; lastKnownFileType = text.plist.xml; path = Info.plist; sourceTree = "<group>"; };
		3EBC52D728EDAE6E0055F0D7 /* StringExtensions.swift */ = {isa = PBXFileReference; lastKnownFileType = sourcecode.swift; path = StringExtensions.swift; sourceTree = "<group>"; };
		3EBC52DC28EE86EE0055F0D7 /* UDManager.swift */ = {isa = PBXFileReference; lastKnownFileType = sourcecode.swift; path = UDManager.swift; sourceTree = "<group>"; };
		3EBC52DE28EE876A0055F0D7 /* Constants.swift */ = {isa = PBXFileReference; lastKnownFileType = sourcecode.swift; path = Constants.swift; sourceTree = "<group>"; };
		3EBC52E028EE8B710055F0D7 /* ru */ = {isa = PBXFileReference; lastKnownFileType = text.plist.strings; name = ru; path = ru.lproj/Main.strings; sourceTree = "<group>"; };
		3EBC52E128EE8BA70055F0D7 /* uz */ = {isa = PBXFileReference; lastKnownFileType = text.plist.strings; name = uz; path = uz.lproj/Main.strings; sourceTree = "<group>"; };
		3EBC52E528EE8C400055F0D7 /* en */ = {isa = PBXFileReference; lastKnownFileType = text.plist.strings; name = en; path = en.lproj/Localizable.strings; sourceTree = "<group>"; };
		3EBC52E728EE8C470055F0D7 /* ru */ = {isa = PBXFileReference; lastKnownFileType = text.plist.strings; name = ru; path = ru.lproj/Localizable.strings; sourceTree = "<group>"; };
		3EBC52E828EE8C480055F0D7 /* uz */ = {isa = PBXFileReference; lastKnownFileType = text.plist.strings; name = uz; path = uz.lproj/Localizable.strings; sourceTree = "<group>"; };
		3EBC52E928EE95B10055F0D7 /* BundleExtensions.swift */ = {isa = PBXFileReference; lastKnownFileType = sourcecode.swift; path = BundleExtensions.swift; sourceTree = "<group>"; };
		3EBC52ED28EEEB840055F0D7 /* Response.swift */ = {isa = PBXFileReference; lastKnownFileType = sourcecode.swift; path = Response.swift; sourceTree = "<group>"; };
		3EBC530928F0380C0055F0D7 /* ViewDailyWeatherList.swift */ = {isa = PBXFileReference; lastKnownFileType = sourcecode.swift; path = ViewDailyWeatherList.swift; sourceTree = "<group>"; };
		3EBC530B28F0382C0055F0D7 /* RouterDailyWeatherList.swift */ = {isa = PBXFileReference; lastKnownFileType = sourcecode.swift; path = RouterDailyWeatherList.swift; sourceTree = "<group>"; };
		3EBC530D28F0385E0055F0D7 /* InteractorDailyWeatherList.swift */ = {isa = PBXFileReference; lastKnownFileType = sourcecode.swift; path = InteractorDailyWeatherList.swift; sourceTree = "<group>"; };
		3EBC530F28F0386D0055F0D7 /* PresentorDailyWeatherList.swift */ = {isa = PBXFileReference; lastKnownFileType = sourcecode.swift; path = PresentorDailyWeatherList.swift; sourceTree = "<group>"; };
		3EBC531128F0387B0055F0D7 /* EntityDailyWeatherList.swift */ = {isa = PBXFileReference; lastKnownFileType = sourcecode.swift; path = EntityDailyWeatherList.swift; sourceTree = "<group>"; };
		3EBC531528F113DB0055F0D7 /* WweatherCell.swift */ = {isa = PBXFileReference; lastKnownFileType = sourcecode.swift; path = WweatherCell.swift; sourceTree = "<group>"; };
		3EBC531828F1B5100055F0D7 /* ViewDetailedWeatherInfo.swift */ = {isa = PBXFileReference; lastKnownFileType = sourcecode.swift; path = ViewDetailedWeatherInfo.swift; sourceTree = "<group>"; };
		3EBC531A28F1B5260055F0D7 /* InteractorDetailedWeatherInfo.swift */ = {isa = PBXFileReference; lastKnownFileType = sourcecode.swift; path = InteractorDetailedWeatherInfo.swift; sourceTree = "<group>"; };
		3EBC531C28F1B53B0055F0D7 /* PresenterDetailedWeatherInfo.swift */ = {isa = PBXFileReference; lastKnownFileType = sourcecode.swift; path = PresenterDetailedWeatherInfo.swift; sourceTree = "<group>"; };
		3EBC531E28F1B55A0055F0D7 /* EntitiyDetailedWeatherInfo.swift */ = {isa = PBXFileReference; lastKnownFileType = sourcecode.swift; path = EntitiyDetailedWeatherInfo.swift; sourceTree = "<group>"; };
		3EBC532028F1B5680055F0D7 /* RouterDetailedWeatherInfo.swift */ = {isa = PBXFileReference; lastKnownFileType = sourcecode.swift; path = RouterDetailedWeatherInfo.swift; sourceTree = "<group>"; };
		51EC6E1DF51CB729A57EB6AF /* Pods-Weather.debug.xcconfig */ = {isa = PBXFileReference; includeInIndex = 1; lastKnownFileType = text.xcconfig; name = "Pods-Weather.debug.xcconfig"; path = "Target Support Files/Pods-Weather/Pods-Weather.debug.xcconfig"; sourceTree = "<group>"; };
		6C470F1ECF2AC4C8081A2046 /* Pods-Weather.release.xcconfig */ = {isa = PBXFileReference; includeInIndex = 1; lastKnownFileType = text.xcconfig; name = "Pods-Weather.release.xcconfig"; path = "Target Support Files/Pods-Weather/Pods-Weather.release.xcconfig"; sourceTree = "<group>"; };
		6C863564DDEE460DA88DBF10 /* Pods_Weather.framework */ = {isa = PBXFileReference; explicitFileType = wrapper.framework; includeInIndex = 0; path = Pods_Weather.framework; sourceTree = BUILT_PRODUCTS_DIR; };
/* End PBXFileReference section */

/* Begin PBXFrameworksBuildPhase section */
		3EBC52BC28ED997C0055F0D7 /* Frameworks */ = {
			isa = PBXFrameworksBuildPhase;
			buildActionMask = 2147483647;
			files = (
				9BA09B5ABA225760CCD99988 /* Pods_Weather.framework in Frameworks */,
			);
			runOnlyForDeploymentPostprocessing = 0;
		};
/* End PBXFrameworksBuildPhase section */

/* Begin PBXGroup section */
		3EBC52B628ED997C0055F0D7 = {
			isa = PBXGroup;
			children = (
				3EBC52C128ED997C0055F0D7 /* Weather */,
				3EBC52C028ED997C0055F0D7 /* Products */,
				55A937B1E653F4A7ADC96A85 /* Pods */,
				F82BCB161322B095D7970948 /* Frameworks */,
			);
			sourceTree = "<group>";
		};
		3EBC52C028ED997C0055F0D7 /* Products */ = {
			isa = PBXGroup;
			children = (
				3EBC52BF28ED997C0055F0D7 /* Weather.app */,
			);
			name = Products;
			sourceTree = "<group>";
		};
		3EBC52C128ED997C0055F0D7 /* Weather */ = {
			isa = PBXGroup;
			children = (
				3EBC52F728EFF6BD0055F0D7 /* Scenes */,
				3EBC52F528EFF3750055F0D7 /* Recources */,
				3EBC52DB28EE7D100055F0D7 /* Utils */,
				3EBC52DA28EE7D020055F0D7 /* Service */,
				3EBC52D628EDAE510055F0D7 /* Extensions */,
				3EBC52D028ED997D0055F0D7 /* Info.plist */,
			);
			path = Weather;
			sourceTree = "<group>";
		};
		3EBC52D628EDAE510055F0D7 /* Extensions */ = {
			isa = PBXGroup;
			children = (
				3EBC52D728EDAE6E0055F0D7 /* StringExtensions.swift */,
				3EBC52E928EE95B10055F0D7 /* BundleExtensions.swift */,
			);
			path = Extensions;
			sourceTree = "<group>";
		};
		3EBC52DA28EE7D020055F0D7 /* Service */ = {
			isa = PBXGroup;
			children = (
				3EBC52ED28EEEB840055F0D7 /* Response.swift */,
			);
			path = Service;
			sourceTree = "<group>";
		};
		3EBC52DB28EE7D100055F0D7 /* Utils */ = {
			isa = PBXGroup;
			children = (
				3EBC52DC28EE86EE0055F0D7 /* UDManager.swift */,
				3EBC52DE28EE876A0055F0D7 /* Constants.swift */,
			);
			path = Utils;
			sourceTree = "<group>";
		};
		3EBC52F528EFF3750055F0D7 /* Recources */ = {
			isa = PBXGroup;
			children = (
				3EBC52CB28ED997D0055F0D7 /* Assets.xcassets */,
				3EBC52E628EE8C400055F0D7 /* Localizable.strings */,
			);
			path = Recources;
			sourceTree = "<group>";
		};
		3EBC52F628EFF63A0055F0D7 /* Main */ = {
			isa = PBXGroup;
			children = (
				3EBC52C228ED997C0055F0D7 /* AppDelegate.swift */,
				3EBC52C428ED997C0055F0D7 /* SceneDelegate.swift */,
				3EBC52C628ED997C0055F0D7 /* ViewController.swift */,
				3EBC52C828ED997C0055F0D7 /* Main.storyboard */,
				3EBC52CD28ED997D0055F0D7 /* LaunchScreen.storyboard */,
			);
			path = Main;
			sourceTree = "<group>";
		};
		3EBC52F728EFF6BD0055F0D7 /* Scenes */ = {
			isa = PBXGroup;
			children = (
				3EBC52F628EFF63A0055F0D7 /* Main */,
				3EBC52F928EFF6E60055F0D7 /* DetailedWeatherInfo */,
				3EBC52F828EFF6CE0055F0D7 /* DailyWeatherList */,
			);
			path = Scenes;
			sourceTree = "<group>";
		};
		3EBC52F828EFF6CE0055F0D7 /* DailyWeatherList */ = {
			isa = PBXGroup;
			children = (
				3EBC531428F113B30055F0D7 /* cells */,
				3EBC530928F0380C0055F0D7 /* ViewDailyWeatherList.swift */,
				3EBC530D28F0385E0055F0D7 /* InteractorDailyWeatherList.swift */,
				3EBC530F28F0386D0055F0D7 /* PresentorDailyWeatherList.swift */,
				3EBC531128F0387B0055F0D7 /* EntityDailyWeatherList.swift */,
				3EBC530B28F0382C0055F0D7 /* RouterDailyWeatherList.swift */,
			);
			path = DailyWeatherList;
			sourceTree = "<group>";
		};
		3EBC52F928EFF6E60055F0D7 /* DetailedWeatherInfo */ = {
			isa = PBXGroup;
			children = (
				3EBC531828F1B5100055F0D7 /* ViewDetailedWeatherInfo.swift */,
				3EBC531A28F1B5260055F0D7 /* InteractorDetailedWeatherInfo.swift */,
				3EBC531C28F1B53B0055F0D7 /* PresenterDetailedWeatherInfo.swift */,
				3EBC531E28F1B55A0055F0D7 /* EntitiyDetailedWeatherInfo.swift */,
				3EBC532028F1B5680055F0D7 /* RouterDetailedWeatherInfo.swift */,
			);
			path = DetailedWeatherInfo;
			sourceTree = "<group>";
		};
		3EBC531428F113B30055F0D7 /* cells */ = {
			isa = PBXGroup;
			children = (
				3EBC531528F113DB0055F0D7 /* WweatherCell.swift */,
			);
			path = cells;
			sourceTree = "<group>";
		};
		55A937B1E653F4A7ADC96A85 /* Pods */ = {
			isa = PBXGroup;
			children = (
				51EC6E1DF51CB729A57EB6AF /* Pods-Weather.debug.xcconfig */,
				6C470F1ECF2AC4C8081A2046 /* Pods-Weather.release.xcconfig */,
			);
			path = Pods;
			sourceTree = "<group>";
		};
		F82BCB161322B095D7970948 /* Frameworks */ = {
			isa = PBXGroup;
			children = (
				6C863564DDEE460DA88DBF10 /* Pods_Weather.framework */,
			);
			name = Frameworks;
			sourceTree = "<group>";
		};
/* End PBXGroup section */

/* Begin PBXNativeTarget section */
		3EBC52BE28ED997C0055F0D7 /* Weather */ = {
			isa = PBXNativeTarget;
			buildConfigurationList = 3EBC52D328ED997D0055F0D7 /* Build configuration list for PBXNativeTarget "Weather" */;
			buildPhases = (
				03B74E247251E6827511CAA7 /* [CP] Check Pods Manifest.lock */,
				3EBC52BB28ED997C0055F0D7 /* Sources */,
				3EBC52BC28ED997C0055F0D7 /* Frameworks */,
				3EBC52BD28ED997C0055F0D7 /* Resources */,
				725528A9359666D1DDB38AEF /* [CP] Embed Pods Frameworks */,
			);
			buildRules = (
			);
			dependencies = (
			);
			name = Weather;
			productName = Weather;
			productReference = 3EBC52BF28ED997C0055F0D7 /* Weather.app */;
			productType = "com.apple.product-type.application";
		};
/* End PBXNativeTarget section */

/* Begin PBXProject section */
		3EBC52B728ED997C0055F0D7 /* Project object */ = {
			isa = PBXProject;
			attributes = {
				BuildIndependentTargetsInParallel = 1;
				LastSwiftUpdateCheck = 1400;
				LastUpgradeCheck = 1400;
				TargetAttributes = {
					3EBC52BE28ED997C0055F0D7 = {
						CreatedOnToolsVersion = 14.0.1;
					};
				};
			};
			buildConfigurationList = 3EBC52BA28ED997C0055F0D7 /* Build configuration list for PBXProject "Weather" */;
			compatibilityVersion = "Xcode 13.0";
			developmentRegion = en;
			hasScannedForEncodings = 0;
			knownRegions = (
				en,
				Base,
				ru,
				uz,
			);
			mainGroup = 3EBC52B628ED997C0055F0D7;
			productRefGroup = 3EBC52C028ED997C0055F0D7 /* Products */;
			projectDirPath = "";
			projectRoot = "";
			targets = (
				3EBC52BE28ED997C0055F0D7 /* Weather */,
			);
		};
/* End PBXProject section */

/* Begin PBXResourcesBuildPhase section */
		3EBC52BD28ED997C0055F0D7 /* Resources */ = {
			isa = PBXResourcesBuildPhase;
			buildActionMask = 2147483647;
			files = (
				3EBC52CF28ED997D0055F0D7 /* LaunchScreen.storyboard in Resources */,
				3EBC52E428EE8C400055F0D7 /* Localizable.strings in Resources */,
				3EBC52CC28ED997D0055F0D7 /* Assets.xcassets in Resources */,
				3EBC52CA28ED997C0055F0D7 /* Main.storyboard in Resources */,
			);
			runOnlyForDeploymentPostprocessing = 0;
		};
/* End PBXResourcesBuildPhase section */

/* Begin PBXShellScriptBuildPhase section */
		03B74E247251E6827511CAA7 /* [CP] Check Pods Manifest.lock */ = {
			isa = PBXShellScriptBuildPhase;
			buildActionMask = 2147483647;
			files = (
			);
			inputFileListPaths = (
			);
			inputPaths = (
				"${PODS_PODFILE_DIR_PATH}/Podfile.lock",
				"${PODS_ROOT}/Manifest.lock",
			);
			name = "[CP] Check Pods Manifest.lock";
			outputFileListPaths = (
			);
			outputPaths = (
				"$(DERIVED_FILE_DIR)/Pods-Weather-checkManifestLockResult.txt",
			);
			runOnlyForDeploymentPostprocessing = 0;
			shellPath = /bin/sh;
			shellScript = "diff \"${PODS_PODFILE_DIR_PATH}/Podfile.lock\" \"${PODS_ROOT}/Manifest.lock\" > /dev/null\nif [ $? != 0 ] ; then\n    # print error to STDERR\n    echo \"error: The sandbox is not in sync with the Podfile.lock. Run 'pod install' or update your CocoaPods installation.\" >&2\n    exit 1\nfi\n# This output is used by Xcode 'outputs' to avoid re-running this script phase.\necho \"SUCCESS\" > \"${SCRIPT_OUTPUT_FILE_0}\"\n";
			showEnvVarsInLog = 0;
		};
		725528A9359666D1DDB38AEF /* [CP] Embed Pods Frameworks */ = {
			isa = PBXShellScriptBuildPhase;
			buildActionMask = 2147483647;
			files = (
			);
			inputFileListPaths = (
				"${PODS_ROOT}/Target Support Files/Pods-Weather/Pods-Weather-frameworks-${CONFIGURATION}-input-files.xcfilelist",
			);
			name = "[CP] Embed Pods Frameworks";
			outputFileListPaths = (
				"${PODS_ROOT}/Target Support Files/Pods-Weather/Pods-Weather-frameworks-${CONFIGURATION}-output-files.xcfilelist",
			);
			runOnlyForDeploymentPostprocessing = 0;
			shellPath = /bin/sh;
			shellScript = "\"${PODS_ROOT}/Target Support Files/Pods-Weather/Pods-Weather-frameworks.sh\"\n";
			showEnvVarsInLog = 0;
		};
/* End PBXShellScriptBuildPhase section */

/* Begin PBXSourcesBuildPhase section */
		3EBC52BB28ED997C0055F0D7 /* Sources */ = {
			isa = PBXSourcesBuildPhase;
			buildActionMask = 2147483647;
			files = (
				3EBC531B28F1B5260055F0D7 /* InteractorDetailedWeatherInfo.swift in Sources */,
				3EBC531928F1B5100055F0D7 /* ViewDetailedWeatherInfo.swift in Sources */,
				3EBC530E28F0385E0055F0D7 /* InteractorDailyWeatherList.swift in Sources */,
				3EBC530A28F0380C0055F0D7 /* ViewDailyWeatherList.swift in Sources */,
				3EBC531D28F1B53B0055F0D7 /* PresenterDetailedWeatherInfo.swift in Sources */,
				3EBC531F28F1B55A0055F0D7 /* EntitiyDetailedWeatherInfo.swift in Sources */,
				3EBC52D828EDAE6E0055F0D7 /* StringExtensions.swift in Sources */,
				3EBC531628F113DB0055F0D7 /* WweatherCell.swift in Sources */,
				3EBC532128F1B5680055F0D7 /* RouterDetailedWeatherInfo.swift in Sources */,
				3EBC530C28F0382C0055F0D7 /* RouterDailyWeatherList.swift in Sources */,
				3EBC52EA28EE95B10055F0D7 /* BundleExtensions.swift in Sources */,
				3EBC52C728ED997C0055F0D7 /* ViewController.swift in Sources */,
				3EBC52EE28EEEB840055F0D7 /* Response.swift in Sources */,
				3EBC52C328ED997C0055F0D7 /* AppDelegate.swift in Sources */,
				3EBC52DD28EE86EE0055F0D7 /* UDManager.swift in Sources */,
				3EBC531028F0386D0055F0D7 /* PresentorDailyWeatherList.swift in Sources */,
				3EBC531228F0387B0055F0D7 /* EntityDailyWeatherList.swift in Sources */,
				3EBC52C528ED997C0055F0D7 /* SceneDelegate.swift in Sources */,
				3EBC52DF28EE876A0055F0D7 /* Constants.swift in Sources */,
			);
			runOnlyForDeploymentPostprocessing = 0;
		};
/* End PBXSourcesBuildPhase section */

/* Begin PBXVariantGroup section */
		3EBC52C828ED997C0055F0D7 /* Main.storyboard */ = {
			isa = PBXVariantGroup;
			children = (
				3EBC52C928ED997C0055F0D7 /* Base */,
				3EBC52E028EE8B710055F0D7 /* ru */,
				3EBC52E128EE8BA70055F0D7 /* uz */,
			);
			name = Main.storyboard;
			sourceTree = "<group>";
		};
		3EBC52CD28ED997D0055F0D7 /* LaunchScreen.storyboard */ = {
			isa = PBXVariantGroup;
			children = (
				3EBC52CE28ED997D0055F0D7 /* Base */,
			);
			name = LaunchScreen.storyboard;
			sourceTree = "<group>";
		};
		3EBC52E628EE8C400055F0D7 /* Localizable.strings */ = {
			isa = PBXVariantGroup;
			children = (
				3EBC52E528EE8C400055F0D7 /* en */,
				3EBC52E728EE8C470055F0D7 /* ru */,
				3EBC52E828EE8C480055F0D7 /* uz */,
			);
			name = Localizable.strings;
			sourceTree = "<group>";
		};
/* End PBXVariantGroup section */

/* Begin XCBuildConfiguration section */
		3EBC52D128ED997D0055F0D7 /* Debug */ = {
			isa = XCBuildConfiguration;
			buildSettings = {
				ALWAYS_SEARCH_USER_PATHS = NO;
				CLANG_ANALYZER_LOCALIZABILITY_NONLOCALIZED = YES;
				CLANG_ANALYZER_NONNULL = YES;
				CLANG_ANALYZER_NUMBER_OBJECT_CONVERSION = YES_AGGRESSIVE;
				CLANG_CXX_LANGUAGE_STANDARD = "gnu++20";
				CLANG_ENABLE_MODULES = YES;
				CLANG_ENABLE_OBJC_ARC = YES;
				CLANG_ENABLE_OBJC_WEAK = YES;
				CLANG_WARN_BLOCK_CAPTURE_AUTORELEASING = YES;
				CLANG_WARN_BOOL_CONVERSION = YES;
				CLANG_WARN_COMMA = YES;
				CLANG_WARN_CONSTANT_CONVERSION = YES;
				CLANG_WARN_DEPRECATED_OBJC_IMPLEMENTATIONS = YES;
				CLANG_WARN_DIRECT_OBJC_ISA_USAGE = YES_ERROR;
				CLANG_WARN_DOCUMENTATION_COMMENTS = YES;
				CLANG_WARN_EMPTY_BODY = YES;
				CLANG_WARN_ENUM_CONVERSION = YES;
				CLANG_WARN_INFINITE_RECURSION = YES;
				CLANG_WARN_INT_CONVERSION = YES;
				CLANG_WARN_NON_LITERAL_NULL_CONVERSION = YES;
				CLANG_WARN_OBJC_IMPLICIT_RETAIN_SELF = YES;
				CLANG_WARN_OBJC_LITERAL_CONVERSION = YES;
				CLANG_WARN_OBJC_ROOT_CLASS = YES_ERROR;
				CLANG_WARN_QUOTED_INCLUDE_IN_FRAMEWORK_HEADER = YES;
				CLANG_WARN_RANGE_LOOP_ANALYSIS = YES;
				CLANG_WARN_STRICT_PROTOTYPES = YES;
				CLANG_WARN_SUSPICIOUS_MOVE = YES;
				CLANG_WARN_UNGUARDED_AVAILABILITY = YES_AGGRESSIVE;
				CLANG_WARN_UNREACHABLE_CODE = YES;
				CLANG_WARN__DUPLICATE_METHOD_MATCH = YES;
				COPY_PHASE_STRIP = NO;
				DEBUG_INFORMATION_FORMAT = dwarf;
				ENABLE_STRICT_OBJC_MSGSEND = YES;
				ENABLE_TESTABILITY = YES;
				GCC_C_LANGUAGE_STANDARD = gnu11;
				GCC_DYNAMIC_NO_PIC = NO;
				GCC_NO_COMMON_BLOCKS = YES;
				GCC_OPTIMIZATION_LEVEL = 0;
				GCC_PREPROCESSOR_DEFINITIONS = (
					"DEBUG=1",
					"$(inherited)",
				);
				GCC_WARN_64_TO_32_BIT_CONVERSION = YES;
				GCC_WARN_ABOUT_RETURN_TYPE = YES_ERROR;
				GCC_WARN_UNDECLARED_SELECTOR = YES;
				GCC_WARN_UNINITIALIZED_AUTOS = YES_AGGRESSIVE;
				GCC_WARN_UNUSED_FUNCTION = YES;
				GCC_WARN_UNUSED_VARIABLE = YES;
				IPHONEOS_DEPLOYMENT_TARGET = 16.0;
				MTL_ENABLE_DEBUG_INFO = INCLUDE_SOURCE;
				MTL_FAST_MATH = YES;
				ONLY_ACTIVE_ARCH = YES;
				SDKROOT = iphoneos;
				SWIFT_ACTIVE_COMPILATION_CONDITIONS = DEBUG;
				SWIFT_OPTIMIZATION_LEVEL = "-Onone";
			};
			name = Debug;
		};
		3EBC52D228ED997D0055F0D7 /* Release */ = {
			isa = XCBuildConfiguration;
			buildSettings = {
				ALWAYS_SEARCH_USER_PATHS = NO;
				CLANG_ANALYZER_LOCALIZABILITY_NONLOCALIZED = YES;
				CLANG_ANALYZER_NONNULL = YES;
				CLANG_ANALYZER_NUMBER_OBJECT_CONVERSION = YES_AGGRESSIVE;
				CLANG_CXX_LANGUAGE_STANDARD = "gnu++20";
				CLANG_ENABLE_MODULES = YES;
				CLANG_ENABLE_OBJC_ARC = YES;
				CLANG_ENABLE_OBJC_WEAK = YES;
				CLANG_WARN_BLOCK_CAPTURE_AUTORELEASING = YES;
				CLANG_WARN_BOOL_CONVERSION = YES;
				CLANG_WARN_COMMA = YES;
				CLANG_WARN_CONSTANT_CONVERSION = YES;
				CLANG_WARN_DEPRECATED_OBJC_IMPLEMENTATIONS = YES;
				CLANG_WARN_DIRECT_OBJC_ISA_USAGE = YES_ERROR;
				CLANG_WARN_DOCUMENTATION_COMMENTS = YES;
				CLANG_WARN_EMPTY_BODY = YES;
				CLANG_WARN_ENUM_CONVERSION = YES;
				CLANG_WARN_INFINITE_RECURSION = YES;
				CLANG_WARN_INT_CONVERSION = YES;
				CLANG_WARN_NON_LITERAL_NULL_CONVERSION = YES;
				CLANG_WARN_OBJC_IMPLICIT_RETAIN_SELF = YES;
				CLANG_WARN_OBJC_LITERAL_CONVERSION = YES;
				CLANG_WARN_OBJC_ROOT_CLASS = YES_ERROR;
				CLANG_WARN_QUOTED_INCLUDE_IN_FRAMEWORK_HEADER = YES;
				CLANG_WARN_RANGE_LOOP_ANALYSIS = YES;
				CLANG_WARN_STRICT_PROTOTYPES = YES;
				CLANG_WARN_SUSPICIOUS_MOVE = YES;
				CLANG_WARN_UNGUARDED_AVAILABILITY = YES_AGGRESSIVE;
				CLANG_WARN_UNREACHABLE_CODE = YES;
				CLANG_WARN__DUPLICATE_METHOD_MATCH = YES;
				COPY_PHASE_STRIP = NO;
				DEBUG_INFORMATION_FORMAT = "dwarf-with-dsym";
				ENABLE_NS_ASSERTIONS = NO;
				ENABLE_STRICT_OBJC_MSGSEND = YES;
				GCC_C_LANGUAGE_STANDARD = gnu11;
				GCC_NO_COMMON_BLOCKS = YES;
				GCC_WARN_64_TO_32_BIT_CONVERSION = YES;
				GCC_WARN_ABOUT_RETURN_TYPE = YES_ERROR;
				GCC_WARN_UNDECLARED_SELECTOR = YES;
				GCC_WARN_UNINITIALIZED_AUTOS = YES_AGGRESSIVE;
				GCC_WARN_UNUSED_FUNCTION = YES;
				GCC_WARN_UNUSED_VARIABLE = YES;
				IPHONEOS_DEPLOYMENT_TARGET = 16.0;
				MTL_ENABLE_DEBUG_INFO = NO;
				MTL_FAST_MATH = YES;
				SDKROOT = iphoneos;
				SWIFT_COMPILATION_MODE = wholemodule;
				SWIFT_OPTIMIZATION_LEVEL = "-O";
				VALIDATE_PRODUCT = YES;
			};
			name = Release;
		};
		3EBC52D428ED997D0055F0D7 /* Debug */ = {
			isa = XCBuildConfiguration;
			baseConfigurationReference = 51EC6E1DF51CB729A57EB6AF /* Pods-Weather.debug.xcconfig */;
			buildSettings = {
				ASSETCATALOG_COMPILER_APPICON_NAME = AppIcon;
				ASSETCATALOG_COMPILER_GLOBAL_ACCENT_COLOR_NAME = AccentColor;
				CODE_SIGN_STYLE = Automatic;
				CURRENT_PROJECT_VERSION = 1;
				DEVELOPMENT_TEAM = Z753QAHSRC;
				GENERATE_INFOPLIST_FILE = YES;
				INFOPLIST_FILE = Weather/Info.plist;
				INFOPLIST_KEY_NSLocationWhenInUseUsageDescription = "We need access to your current location";
				INFOPLIST_KEY_UIApplicationSupportsIndirectInputEvents = YES;
				INFOPLIST_KEY_UILaunchStoryboardName = LaunchScreen;
				INFOPLIST_KEY_UIMainStoryboardFile = Main;
				INFOPLIST_KEY_UISupportedInterfaceOrientations = UIInterfaceOrientationPortrait;
				LD_RUNPATH_SEARCH_PATHS = (
					"$(inherited)",
					"@executable_path/Frameworks",
				);
				MARKETING_VERSION = 1.0;
				PRODUCT_BUNDLE_IDENTIFIER = fb.Weather;
				PRODUCT_NAME = "$(TARGET_NAME)";
				SUPPORTED_PLATFORMS = "iphoneos iphonesimulator";
				SUPPORTS_MACCATALYST = NO;
				SUPPORTS_MAC_DESIGNED_FOR_IPHONE_IPAD = NO;
				SWIFT_EMIT_LOC_STRINGS = YES;
				SWIFT_VERSION = 5.0;
				TARGETED_DEVICE_FAMILY = "1,2";
			};
			name = Debug;
		};
		3EBC52D528ED997D0055F0D7 /* Release */ = {
			isa = XCBuildConfiguration;
			baseConfigurationReference = 6C470F1ECF2AC4C8081A2046 /* Pods-Weather.release.xcconfig */;
			buildSettings = {
				ASSETCATALOG_COMPILER_APPICON_NAME = AppIcon;
				ASSETCATALOG_COMPILER_GLOBAL_ACCENT_COLOR_NAME = AccentColor;
				CODE_SIGN_STYLE = Automatic;
				CURRENT_PROJECT_VERSION = 1;
				DEVELOPMENT_TEAM = Z753QAHSRC;
				GENERATE_INFOPLIST_FILE = YES;
				INFOPLIST_FILE = Weather/Info.plist;
				INFOPLIST_KEY_NSLocationWhenInUseUsageDescription = "We need access to your current location";
				INFOPLIST_KEY_UIApplicationSupportsIndirectInputEvents = YES;
				INFOPLIST_KEY_UILaunchStoryboardName = LaunchScreen;
				INFOPLIST_KEY_UIMainStoryboardFile = Main;
				INFOPLIST_KEY_UISupportedInterfaceOrientations = UIInterfaceOrientationPortrait;
				LD_RUNPATH_SEARCH_PATHS = (
					"$(inherited)",
					"@executable_path/Frameworks",
				);
				MARKETING_VERSION = 1.0;
				PRODUCT_BUNDLE_IDENTIFIER = fb.Weather;
				PRODUCT_NAME = "$(TARGET_NAME)";
				SUPPORTED_PLATFORMS = "iphoneos iphonesimulator";
				SUPPORTS_MACCATALYST = NO;
				SUPPORTS_MAC_DESIGNED_FOR_IPHONE_IPAD = NO;
				SWIFT_EMIT_LOC_STRINGS = YES;
				SWIFT_VERSION = 5.0;
				TARGETED_DEVICE_FAMILY = "1,2";
			};
			name = Release;
		};
/* End XCBuildConfiguration section */

/* Begin XCConfigurationList section */
		3EBC52BA28ED997C0055F0D7 /* Build configuration list for PBXProject "Weather" */ = {
			isa = XCConfigurationList;
			buildConfigurations = (
				3EBC52D128ED997D0055F0D7 /* Debug */,
				3EBC52D228ED997D0055F0D7 /* Release */,
			);
			defaultConfigurationIsVisible = 0;
			defaultConfigurationName = Release;
		};
		3EBC52D328ED997D0055F0D7 /* Build configuration list for PBXNativeTarget "Weather" */ = {
			isa = XCConfigurationList;
			buildConfigurations = (
				3EBC52D428ED997D0055F0D7 /* Debug */,
				3EBC52D528ED997D0055F0D7 /* Release */,
			);
			defaultConfigurationIsVisible = 0;
			defaultConfigurationName = Release;
		};
/* End XCConfigurationList section */
	};
	rootObject = 3EBC52B728ED997C0055F0D7 /* Project object */;
}
